
Microsoft Visual Studio Solution File, Format Version 12.00
# Visual Studio Version 17
VisualStudioVersion = 17.8.34408.163
MinimumVisualStudioVersion = 10.0.40219.1
Project("{FAE04EC0-301F-11D3-BF4B-00C04F79EFBC}") = "bookStore", "bookStore.csproj", "{694340A7-9C30-415D-9B52-B70E0054D190}"
EndProject
Global
	GlobalSection(SolutionConfigurationPlatforms) = preSolution
		Debug|Any CPU = Debug|Any CPU
		Release|Any CPU = Release|Any CPU
	EndGlobalSection
	GlobalSection(ProjectConfigurationPlatforms) = postSolution
		{694340A7-9C30-415D-9B52-B70E0054D190}.Debug|Any CPU.ActiveCfg = Debug|Any CPU
		{694340A7-9C30-415D-9B52-B70E0054D190}.Debug|Any CPU.Build.0 = Debug|Any CPU
		{694340A7-9C30-415D-9B52-B70E0054D190}.Release|Any CPU.ActiveCfg = Release|Any CPU
		{694340A7-9C30-415D-9B52-B70E0054D190}.Release|Any CPU.Build.0 = Release|Any CPU
	EndGlobalSection
	GlobalSection(SolutionProperties) = preSolution
		HideSolutionNode = FALSE
	EndGlobalSection
	GlobalSection(ExtensibilityGlobals) = postSolution
		SolutionGuid = {A92A0FED-22A6-410F-A9B1-6D4F4378A6E2}
	EndGlobalSection
EndGlobal
